
Microsoft Visual Studio Solution File, Format Version 12.00
# Visual Studio Version 16
VisualStudioVersion = 16.0.30406.217
MinimumVisualStudioVersion = 10.0.40219.1
Project("{FAE04EC0-301F-11D3-BF4B-00C04F79EFBC}") = "LlamaLibrary", "LlamaLibrary.csproj", "{196EE308-0205-4CC4-B449-51064F7E9960}"
EndProject
Global
	GlobalSection(SolutionConfigurationPlatforms) = preSolution
		Debug|Any CPU = Debug|Any CPU
		Release|Any CPU = Release|Any CPU
	EndGlobalSection
	GlobalSection(ProjectConfigurationPlatforms) = postSolution
		{196EE308-0205-4CC4-B449-51064F7E9960}.Debug|Any CPU.ActiveCfg = Debug|Any CPU
		{196EE308-0205-4CC4-B449-51064F7E9960}.Debug|Any CPU.Build.0 = Debug|Any CPU
		{196EE308-0205-4CC4-B449-51064F7E9960}.Release|Any CPU.ActiveCfg = Release|Any CPU
		{196EE308-0205-4CC4-B449-51064F7E9960}.Release|Any CPU.Build.0 = Release|Any CPU
	EndGlobalSection
	GlobalSection(SolutionProperties) = preSolution
		HideSolutionNode = FALSE
	EndGlobalSection
	GlobalSection(ExtensibilityGlobals) = postSolution
		SolutionGuid = {BB56A7AC-0883-457B-903B-6705F17D94A5}
	EndGlobalSection
EndGlobal
